
Microsoft Visual Studio Solution File, Format Version 12.00
# Visual Studio 15
VisualStudioVersion = 15.0.25807.0
MinimumVisualStudioVersion = 10.0.40219.1
Project("{2150E333-8FDC-42A3-9474-1A3956D46DE8}") = "Engine", "Engine", "{C69639F3-EC98-4D2C-A3E2-F6D66DD40239}"
EndProject
Project("{2150E333-8FDC-42A3-9474-1A3956D46DE8}") = "Games", "Games", "{DB237037-B3FF-4652-8663-250EAD6E8D81}"
EndProject
Project("{8BC9CEB8-8B4A-11D0-8D11-00A0C91BC942}") = "UE4", "Intermediate\ProjectFiles\UE4.vcxproj", "{89F8C5F6-9BEB-4565-AB83-7D927B94C940}"
EndProject
Project("{8BC9CEB8-8B4A-11D0-8D11-00A0C91BC942}") = "BuildingEscape", "Intermediate\ProjectFiles\BuildingEscape.vcxproj", "{66506A5C-C65B-47AF-A57D-ADA7E2AA4B15}"
EndProject
Project("{2150E333-8FDC-42A3-9474-1A3956D46DE8}") = "Visualizers", "Visualizers", "{6688FADA-95C6-4902-A354-62C001BB55E0}"
	ProjectSection(SolutionItems) = preProject
		C:\Program Files\Epic Games\UE_4.21\Engine\Extras\VisualStudioDebugging\UE4.natvis = C:\Program Files\Epic Games\UE_4.21\Engine\Extras\VisualStudioDebugging\UE4.natvis
	EndProjectSection
EndProject
Global
	GlobalSection(SolutionConfigurationPlatforms) = preSolution
		DebugGame Editor|HTML5 = DebugGame Editor|HTML5
		DebugGame Editor|Win32 = DebugGame Editor|Win32
		DebugGame Editor|Win64 = DebugGame Editor|Win64
		DebugGame|HTML5 = DebugGame|HTML5
		DebugGame|Win32 = DebugGame|Win32
		DebugGame|Win64 = DebugGame|Win64
		Development Editor|HTML5 = Development Editor|HTML5
		Development Editor|Win32 = Development Editor|Win32
		Development Editor|Win64 = Development Editor|Win64
		Development|HTML5 = Development|HTML5
		Development|Win32 = Development|Win32
		Development|Win64 = Development|Win64
		Shipping|HTML5 = Shipping|HTML5
		Shipping|Win32 = Shipping|Win32
		Shipping|Win64 = Shipping|Win64
	EndGlobalSection
	GlobalSection(ProjectConfigurationPlatforms) = postSolution
		{89F8C5F6-9BEB-4565-AB83-7D927B94C940}.DebugGame Editor|HTML5.ActiveCfg = BuiltWithUnrealBuildTool|Win32
		{89F8C5F6-9BEB-4565-AB83-7D927B94C940}.DebugGame Editor|Win32.ActiveCfg = BuiltWithUnrealBuildTool|Win32
		{89F8C5F6-9BEB-4565-AB83-7D927B94C940}.DebugGame Editor|Win64.ActiveCfg = BuiltWithUnrealBuildTool|Win32
		{89F8C5F6-9BEB-4565-AB83-7D927B94C940}.DebugGame|HTML5.ActiveCfg = BuiltWithUnrealBuildTool|Win32
		{89F8C5F6-9BEB-4565-AB83-7D927B94C940}.DebugGame|Win32.ActiveCfg = BuiltWithUnrealBuildTool|Win32
		{89F8C5F6-9BEB-4565-AB83-7D927B94C940}.DebugGame|Win64.ActiveCfg = BuiltWithUnrealBuildTool|Win32
		{89F8C5F6-9BEB-4565-AB83-7D927B94C940}.Development Editor|HTML5.ActiveCfg = BuiltWithUnrealBuildTool|Win32
		{89F8C5F6-9BEB-4565-AB83-7D927B94C940}.Development Editor|Win32.ActiveCfg = BuiltWithUnrealBuildTool|Win32
		{89F8C5F6-9BEB-4565-AB83-7D927B94C940}.Development Editor|Win64.ActiveCfg = BuiltWithUnrealBuildTool|Win32
		{89F8C5F6-9BEB-4565-AB83-7D927B94C940}.Development|HTML5.ActiveCfg = BuiltWithUnrealBuildTool|Win32
		{89F8C5F6-9BEB-4565-AB83-7D927B94C940}.Development|Win32.ActiveCfg = BuiltWithUnrealBuildTool|Win32
		{89F8C5F6-9BEB-4565-AB83-7D927B94C940}.Development|Win64.ActiveCfg = BuiltWithUnrealBuildTool|Win32
		{89F8C5F6-9BEB-4565-AB83-7D927B94C940}.Shipping|HTML5.ActiveCfg = BuiltWithUnrealBuildTool|Win32
		{89F8C5F6-9BEB-4565-AB83-7D927B94C940}.Shipping|Win32.ActiveCfg = BuiltWithUnrealBuildTool|Win32
		{89F8C5F6-9BEB-4565-AB83-7D927B94C940}.Shipping|Win64.ActiveCfg = BuiltWithUnrealBuildTool|Win32
		{66506A5C-C65B-47AF-A57D-ADA7E2AA4B15}.DebugGame Editor|HTML5.ActiveCfg = Invalid|Win32
		{66506A5C-C65B-47AF-A57D-ADA7E2AA4B15}.DebugGame Editor|Win32.ActiveCfg = Invalid|Win32
		{66506A5C-C65B-47AF-A57D-ADA7E2AA4B15}.DebugGame Editor|Win64.ActiveCfg = DebugGame_Editor|x64
		{66506A5C-C65B-47AF-A57D-ADA7E2AA4B15}.DebugGame Editor|Win64.Build.0 = DebugGame_Editor|x64
		{66506A5C-C65B-47AF-A57D-ADA7E2AA4B15}.DebugGame|HTML5.ActiveCfg = HTML5_DebugGame|Win32
		{66506A5C-C65B-47AF-A57D-ADA7E2AA4B15}.DebugGame|HTML5.Build.0 = HTML5_DebugGame|Win32
		{66506A5C-C65B-47AF-A57D-ADA7E2AA4B15}.DebugGame|Win32.ActiveCfg = DebugGame|Win32
		{66506A5C-C65B-47AF-A57D-ADA7E2AA4B15}.DebugGame|Win32.Build.0 = DebugGame|Win32
		{66506A5C-C65B-47AF-A57D-ADA7E2AA4B15}.DebugGame|Win64.ActiveCfg = DebugGame|x64
		{66506A5C-C65B-47AF-A57D-ADA7E2AA4B15}.DebugGame|Win64.Build.0 = DebugGame|x64
		{66506A5C-C65B-47AF-A57D-ADA7E2AA4B15}.Development Editor|HTML5.ActiveCfg = Invalid|Win32
		{66506A5C-C65B-47AF-A57D-ADA7E2AA4B15}.Development Editor|Win32.ActiveCfg = Invalid|Win32
		{66506A5C-C65B-47AF-A57D-ADA7E2AA4B15}.Development Editor|Win64.ActiveCfg = Development_Editor|x64
		{66506A5C-C65B-47AF-A57D-ADA7E2AA4B15}.Development Editor|Win64.Build.0 = Development_Editor|x64
		{66506A5C-C65B-47AF-A57D-ADA7E2AA4B15}.Development|HTML5.ActiveCfg = HTML5_Development|Win32
		{66506A5C-C65B-47AF-A57D-ADA7E2AA4B15}.Development|HTML5.Build.0 = HTML5_Development|Win32
		{66506A5C-C65B-47AF-A57D-ADA7E2AA4B15}.Development|Win32.ActiveCfg = Development|Win32
		{66506A5C-C65B-47AF-A57D-ADA7E2AA4B15}.Development|Win32.Build.0 = Development|Win32
		{66506A5C-C65B-47AF-A57D-ADA7E2AA4B15}.Development|Win64.ActiveCfg = Development|x64
		{66506A5C-C65B-47AF-A57D-ADA7E2AA4B15}.Development|Win64.Build.0 = Development|x64
		{66506A5C-C65B-47AF-A57D-ADA7E2AA4B15}.Shipping|HTML5.ActiveCfg = HTML5_Shipping|Win32
		{66506A5C-C65B-47AF-A57D-ADA7E2AA4B15}.Shipping|HTML5.Build.0 = HTML5_Shipping|Win32
		{66506A5C-C65B-47AF-A57D-ADA7E2AA4B15}.Shipping|Win32.ActiveCfg = Shipping|Win32
		{66506A5C-C65B-47AF-A57D-ADA7E2AA4B15}.Shipping|Win32.Build.0 = Shipping|Win32
		{66506A5C-C65B-47AF-A57D-ADA7E2AA4B15}.Shipping|Win64.ActiveCfg = Shipping|x64
		{66506A5C-C65B-47AF-A57D-ADA7E2AA4B15}.Shipping|Win64.Build.0 = Shipping|x64
	EndGlobalSection
	GlobalSection(SolutionProperties) = preSolution
		HideSolutionNode = FALSE
	EndGlobalSection
	GlobalSection(NestedProjects) = preSolution
		{89F8C5F6-9BEB-4565-AB83-7D927B94C940} = {C69639F3-EC98-4D2C-A3E2-F6D66DD40239}
		{66506A5C-C65B-47AF-A57D-ADA7E2AA4B15} = {DB237037-B3FF-4652-8663-250EAD6E8D81}
	EndGlobalSection
EndGlobal
